
Microsoft Visual Studio Solution File, Format Version 12.00
# Visual Studio 15
VisualStudioVersion = 15.0.26124.0
MinimumVisualStudioVersion = 15.0.26124.0
Project("{9A19103F-16F7-4668-BE54-9A1E7A4F7556}") = "docudude", "docudude\docudude.csproj", "{B4105BF7-0BE5-4D26-83C7-AACBFF901B2B}"
EndProject
Project("{2150E333-8FDC-42A3-9474-1A3956D46DE8}") = "Solution Items", "Solution Items", "{FA364EC2-760B-4F0E-A9EB-F8DA73C3E55B}"
	ProjectSection(SolutionItems) = preProject
		.gitignore = .gitignore
		README.md = README.md
	EndProjectSection
EndProject
Project("{FAE04EC0-301F-11D3-BF4B-00C04F79EFBC}") = "docudude.tests", "docudude.tests\docudude.tests.csproj", "{6C69BCA3-1252-49A4-8D8C-52F8A2F04D2E}"
EndProject
Global
	GlobalSection(SolutionConfigurationPlatforms) = preSolution
		Debug|Any CPU = Debug|Any CPU
		Debug|x64 = Debug|x64
		Debug|x86 = Debug|x86
		Release|Any CPU = Release|Any CPU
		Release|x64 = Release|x64
		Release|x86 = Release|x86
	EndGlobalSection
	GlobalSection(ProjectConfigurationPlatforms) = postSolution
		{B4105BF7-0BE5-4D26-83C7-AACBFF901B2B}.Debug|Any CPU.ActiveCfg = Debug|Any CPU
		{B4105BF7-0BE5-4D26-83C7-AACBFF901B2B}.Debug|Any CPU.Build.0 = Debug|Any CPU
		{B4105BF7-0BE5-4D26-83C7-AACBFF901B2B}.Debug|x64.ActiveCfg = Debug|Any CPU
		{B4105BF7-0BE5-4D26-83C7-AACBFF901B2B}.Debug|x64.Build.0 = Debug|Any CPU
		{B4105BF7-0BE5-4D26-83C7-AACBFF901B2B}.Debug|x86.ActiveCfg = Debug|Any CPU
		{B4105BF7-0BE5-4D26-83C7-AACBFF901B2B}.Debug|x86.Build.0 = Debug|Any CPU
		{B4105BF7-0BE5-4D26-83C7-AACBFF901B2B}.Release|Any CPU.ActiveCfg = Release|Any CPU
		{B4105BF7-0BE5-4D26-83C7-AACBFF901B2B}.Release|Any CPU.Build.0 = Release|Any CPU
		{B4105BF7-0BE5-4D26-83C7-AACBFF901B2B}.Release|x64.ActiveCfg = Release|Any CPU
		{B4105BF7-0BE5-4D26-83C7-AACBFF901B2B}.Release|x64.Build.0 = Release|Any CPU
		{B4105BF7-0BE5-4D26-83C7-AACBFF901B2B}.Release|x86.ActiveCfg = Release|Any CPU
		{B4105BF7-0BE5-4D26-83C7-AACBFF901B2B}.Release|x86.Build.0 = Release|Any CPU
		{6C69BCA3-1252-49A4-8D8C-52F8A2F04D2E}.Debug|Any CPU.ActiveCfg = Debug|Any CPU
		{6C69BCA3-1252-49A4-8D8C-52F8A2F04D2E}.Debug|Any CPU.Build.0 = Debug|Any CPU
		{6C69BCA3-1252-49A4-8D8C-52F8A2F04D2E}.Debug|x64.ActiveCfg = Debug|Any CPU
		{6C69BCA3-1252-49A4-8D8C-52F8A2F04D2E}.Debug|x64.Build.0 = Debug|Any CPU
		{6C69BCA3-1252-49A4-8D8C-52F8A2F04D2E}.Debug|x86.ActiveCfg = Debug|Any CPU
		{6C69BCA3-1252-49A4-8D8C-52F8A2F04D2E}.Debug|x86.Build.0 = Debug|Any CPU
		{6C69BCA3-1252-49A4-8D8C-52F8A2F04D2E}.Release|Any CPU.ActiveCfg = Release|Any CPU
		{6C69BCA3-1252-49A4-8D8C-52F8A2F04D2E}.Release|Any CPU.Build.0 = Release|Any CPU
		{6C69BCA3-1252-49A4-8D8C-52F8A2F04D2E}.Release|x64.ActiveCfg = Release|Any CPU
		{6C69BCA3-1252-49A4-8D8C-52F8A2F04D2E}.Release|x64.Build.0 = Release|Any CPU
		{6C69BCA3-1252-49A4-8D8C-52F8A2F04D2E}.Release|x86.ActiveCfg = Release|Any CPU
		{6C69BCA3-1252-49A4-8D8C-52F8A2F04D2E}.Release|x86.Build.0 = Release|Any CPU
	EndGlobalSection
	GlobalSection(SolutionProperties) = preSolution
		HideSolutionNode = FALSE
	EndGlobalSection
	GlobalSection(ExtensibilityGlobals) = postSolution
		SolutionGuid = {6EF6E945-73AF-428A-AAF0-68D57A808D44}
	EndGlobalSection
EndGlobal
